
Microsoft Visual Studio Solution File, Format Version 12.00
# Visual Studio Version 17
VisualStudioVersion = 17.0.31903.59
MinimumVisualStudioVersion = 10.0.40219.1
Project("{F2A71F9B-5D33-465A-A702-920D77279786}") = "Lazy", "Src\Lazy.fsproj", "{5BA00BD7-7062-4144-A79A-D8733F75548A}"
EndProject
Project("{F2A71F9B-5D33-465A-A702-920D77279786}") = "Tests", "Tests\Tests.fsproj", "{A1056742-A253-4D67-9D71-E4FA61428A05}"
EndProject
Global
	GlobalSection(SolutionConfigurationPlatforms) = preSolution
		Debug|Any CPU = Debug|Any CPU
		Release|Any CPU = Release|Any CPU
	EndGlobalSection
	GlobalSection(SolutionProperties) = preSolution
		HideSolutionNode = FALSE
	EndGlobalSection
	GlobalSection(ProjectConfigurationPlatforms) = postSolution
		{5BA00BD7-7062-4144-A79A-D8733F75548A}.Debug|Any CPU.ActiveCfg = Debug|Any CPU
		{5BA00BD7-7062-4144-A79A-D8733F75548A}.Debug|Any CPU.Build.0 = Debug|Any CPU
		{5BA00BD7-7062-4144-A79A-D8733F75548A}.Release|Any CPU.ActiveCfg = Release|Any CPU
		{5BA00BD7-7062-4144-A79A-D8733F75548A}.Release|Any CPU.Build.0 = Release|Any CPU
		{A1056742-A253-4D67-9D71-E4FA61428A05}.Debug|Any CPU.ActiveCfg = Debug|Any CPU
		{A1056742-A253-4D67-9D71-E4FA61428A05}.Debug|Any CPU.Build.0 = Debug|Any CPU
		{A1056742-A253-4D67-9D71-E4FA61428A05}.Release|Any CPU.ActiveCfg = Release|Any CPU
		{A1056742-A253-4D67-9D71-E4FA61428A05}.Release|Any CPU.Build.0 = Release|Any CPU
	EndGlobalSection
EndGlobal
