
Microsoft Visual Studio Solution File, Format Version 12.00
# Visual Studio Version 17
VisualStudioVersion = 17.0.31903.59
MinimumVisualStudioVersion = 10.0.40219.1
Project("{F2A71F9B-5D33-465A-A702-920D77279786}") = "MiniCrawler", "Src\MiniCrawler.fsproj", "{9C7C3293-0D5D-40A8-BBAC-0C4970B4053B}"
EndProject
Project("{F2A71F9B-5D33-465A-A702-920D77279786}") = "Tests", "Tests\Tests.fsproj", "{D0338191-8B6B-4339-A09F-23C2DC530E75}"
EndProject
Global
	GlobalSection(SolutionConfigurationPlatforms) = preSolution
		Debug|Any CPU = Debug|Any CPU
		Release|Any CPU = Release|Any CPU
	EndGlobalSection
	GlobalSection(SolutionProperties) = preSolution
		HideSolutionNode = FALSE
	EndGlobalSection
	GlobalSection(ProjectConfigurationPlatforms) = postSolution
		{9C7C3293-0D5D-40A8-BBAC-0C4970B4053B}.Debug|Any CPU.ActiveCfg = Debug|Any CPU
		{9C7C3293-0D5D-40A8-BBAC-0C4970B4053B}.Debug|Any CPU.Build.0 = Debug|Any CPU
		{9C7C3293-0D5D-40A8-BBAC-0C4970B4053B}.Release|Any CPU.ActiveCfg = Release|Any CPU
		{9C7C3293-0D5D-40A8-BBAC-0C4970B4053B}.Release|Any CPU.Build.0 = Release|Any CPU
		{D0338191-8B6B-4339-A09F-23C2DC530E75}.Debug|Any CPU.ActiveCfg = Debug|Any CPU
		{D0338191-8B6B-4339-A09F-23C2DC530E75}.Debug|Any CPU.Build.0 = Debug|Any CPU
		{D0338191-8B6B-4339-A09F-23C2DC530E75}.Release|Any CPU.ActiveCfg = Release|Any CPU
		{D0338191-8B6B-4339-A09F-23C2DC530E75}.Release|Any CPU.Build.0 = Release|Any CPU
	EndGlobalSection
EndGlobal
