
Microsoft Visual Studio Solution File, Format Version 12.00
# Visual Studio Version 17
VisualStudioVersion = 17.0.31903.59
MinimumVisualStudioVersion = 10.0.40219.1
Project("{F2A71F9B-5D33-465A-A702-920D77279786}") = "RoundingWorkflow", "Src\RoundingWorkflow.fsproj", "{3D1718F3-250F-4CEF-A301-66FF5F4D97EE}"
EndProject
Project("{F2A71F9B-5D33-465A-A702-920D77279786}") = "Tests", "Tests\Tests.fsproj", "{65F1419D-694D-4D65-AF76-8DA2FFBD5D85}"
EndProject
Global
	GlobalSection(SolutionConfigurationPlatforms) = preSolution
		Debug|Any CPU = Debug|Any CPU
		Release|Any CPU = Release|Any CPU
	EndGlobalSection
	GlobalSection(SolutionProperties) = preSolution
		HideSolutionNode = FALSE
	EndGlobalSection
	GlobalSection(ProjectConfigurationPlatforms) = postSolution
		{3D1718F3-250F-4CEF-A301-66FF5F4D97EE}.Debug|Any CPU.ActiveCfg = Debug|Any CPU
		{3D1718F3-250F-4CEF-A301-66FF5F4D97EE}.Debug|Any CPU.Build.0 = Debug|Any CPU
		{3D1718F3-250F-4CEF-A301-66FF5F4D97EE}.Release|Any CPU.ActiveCfg = Release|Any CPU
		{3D1718F3-250F-4CEF-A301-66FF5F4D97EE}.Release|Any CPU.Build.0 = Release|Any CPU
		{65F1419D-694D-4D65-AF76-8DA2FFBD5D85}.Debug|Any CPU.ActiveCfg = Debug|Any CPU
		{65F1419D-694D-4D65-AF76-8DA2FFBD5D85}.Debug|Any CPU.Build.0 = Debug|Any CPU
		{65F1419D-694D-4D65-AF76-8DA2FFBD5D85}.Release|Any CPU.ActiveCfg = Release|Any CPU
		{65F1419D-694D-4D65-AF76-8DA2FFBD5D85}.Release|Any CPU.Build.0 = Release|Any CPU
	EndGlobalSection
EndGlobal
