
Microsoft Visual Studio Solution File, Format Version 12.00
# Visual Studio Version 17
VisualStudioVersion = 17.0.31903.59
MinimumVisualStudioVersion = 10.0.40219.1
Project("{F2A71F9B-5D33-465A-A702-920D77279786}") = "kr2", "Src\kr2.fsproj", "{028AB61C-A719-4CD9-AE11-ED627055EEC1}"
EndProject
Project("{F2A71F9B-5D33-465A-A702-920D77279786}") = "Tests", "Tests\Tests.fsproj", "{AC8E9578-E978-4827-B643-75500A435D34}"
EndProject
Global
	GlobalSection(SolutionConfigurationPlatforms) = preSolution
		Debug|Any CPU = Debug|Any CPU
		Release|Any CPU = Release|Any CPU
	EndGlobalSection
	GlobalSection(SolutionProperties) = preSolution
		HideSolutionNode = FALSE
	EndGlobalSection
	GlobalSection(ProjectConfigurationPlatforms) = postSolution
		{028AB61C-A719-4CD9-AE11-ED627055EEC1}.Debug|Any CPU.ActiveCfg = Debug|Any CPU
		{028AB61C-A719-4CD9-AE11-ED627055EEC1}.Debug|Any CPU.Build.0 = Debug|Any CPU
		{028AB61C-A719-4CD9-AE11-ED627055EEC1}.Release|Any CPU.ActiveCfg = Release|Any CPU
		{028AB61C-A719-4CD9-AE11-ED627055EEC1}.Release|Any CPU.Build.0 = Release|Any CPU
		{AC8E9578-E978-4827-B643-75500A435D34}.Debug|Any CPU.ActiveCfg = Debug|Any CPU
		{AC8E9578-E978-4827-B643-75500A435D34}.Debug|Any CPU.Build.0 = Debug|Any CPU
		{AC8E9578-E978-4827-B643-75500A435D34}.Release|Any CPU.ActiveCfg = Release|Any CPU
		{AC8E9578-E978-4827-B643-75500A435D34}.Release|Any CPU.Build.0 = Release|Any CPU
	EndGlobalSection
EndGlobal
